
Microsoft Visual Studio Solution File, Format Version 12.00
# Visual Studio 2013
VisualStudioVersion = 12.0.31101.0
MinimumVisualStudioVersion = 10.0.40219.1
Project("{FAE04EC0-301F-11D3-BF4B-00C04F79EFBC}") = "Sst", "Sst\Sst.csproj", "{AC73B4A3-3836-4FEE-83D0-59EFC035B3CA}"
EndProject
Global
	GlobalSection(SolutionConfigurationPlatforms) = preSolution
		Debug|Any CPU = Debug|Any CPU
		Release|Any CPU = Release|Any CPU
	EndGlobalSection
	GlobalSection(ProjectConfigurationPlatforms) = postSolution
		{AC73B4A3-3836-4FEE-83D0-59EFC035B3CA}.Debug|Any CPU.ActiveCfg = Debug|Any CPU
		{AC73B4A3-3836-4FEE-83D0-59EFC035B3CA}.Debug|Any CPU.Build.0 = Debug|Any CPU
		{AC73B4A3-3836-4FEE-83D0-59EFC035B3CA}.Release|Any CPU.ActiveCfg = Release|Any CPU
		{AC73B4A3-3836-4FEE-83D0-59EFC035B3CA}.Release|Any CPU.Build.0 = Release|Any CPU
	EndGlobalSection
	GlobalSection(SolutionProperties) = preSolution
		HideSolutionNode = FALSE
	EndGlobalSection
EndGlobal
